
Microsoft Visual Studio Solution File, Format Version 12.00
# Visual Studio Version 17
VisualStudioVersion = 17.3.32825.248
MinimumVisualStudioVersion = 10.0.40219.1
Project("{FAE04EC0-301F-11D3-BF4B-00C04F79EFBC}") = "OOPPr2.2", "OOPPr2.2\OOPPr2.2.csproj", "{D36D27CE-1A65-4777-AE6A-8AC7DE2E6161}"
EndProject
Global
	GlobalSection(SolutionConfigurationPlatforms) = preSolution
		Debug|Any CPU = Debug|Any CPU
		Release|Any CPU = Release|Any CPU
	EndGlobalSection
	GlobalSection(ProjectConfigurationPlatforms) = postSolution
		{D36D27CE-1A65-4777-AE6A-8AC7DE2E6161}.Debug|Any CPU.ActiveCfg = Debug|Any CPU
		{D36D27CE-1A65-4777-AE6A-8AC7DE2E6161}.Debug|Any CPU.Build.0 = Debug|Any CPU
		{D36D27CE-1A65-4777-AE6A-8AC7DE2E6161}.Release|Any CPU.ActiveCfg = Release|Any CPU
		{D36D27CE-1A65-4777-AE6A-8AC7DE2E6161}.Release|Any CPU.Build.0 = Release|Any CPU
	EndGlobalSection
	GlobalSection(SolutionProperties) = preSolution
		HideSolutionNode = FALSE
	EndGlobalSection
	GlobalSection(ExtensibilityGlobals) = postSolution
		SolutionGuid = {732FB8B8-7120-4851-9FB5-FA496E183A7F}
	EndGlobalSection
EndGlobal
